
Microsoft Visual Studio Solution File, Format Version 12.00
# Visual Studio Version 17
VisualStudioVersion = 17.13.35931.197
MinimumVisualStudioVersion = 10.0.40219.1
Project("{FAE04EC0-301F-11D3-BF4B-00C04F79EFBC}") = "Assignment", "Assignment\Assignment.csproj", "{19E53678-719A-4B33-967D-7C4160E429D4}"
EndProject
Project("{FAE04EC0-301F-11D3-BF4B-00C04F79EFBC}") = "Assignment.Tests", "Assignment.Tests\Assignment.Tests.csproj", "{534ED368-20A4-44C2-8F6F-14AE65D1EBA8}"
EndProject
Project("{2150E333-8FDC-42A3-9474-1A3956D46DE8}") = "Solution Items", "Solution Items", "{8EC462FD-D22E-90A8-E5CE-7E832BA40C5D}"
EndProject
Global
	GlobalSection(SolutionConfigurationPlatforms) = preSolution
		Debug|Any CPU = Debug|Any CPU
		Release|Any CPU = Release|Any CPU
	EndGlobalSection
	GlobalSection(ProjectConfigurationPlatforms) = postSolution
		{19E53678-719A-4B33-967D-7C4160E429D4}.Debug|Any CPU.ActiveCfg = Debug|Any CPU
		{19E53678-719A-4B33-967D-7C4160E429D4}.Debug|Any CPU.Build.0 = Debug|Any CPU
		{19E53678-719A-4B33-967D-7C4160E429D4}.Release|Any CPU.ActiveCfg = Release|Any CPU
		{19E53678-719A-4B33-967D-7C4160E429D4}.Release|Any CPU.Build.0 = Release|Any CPU
		{534ED368-20A4-44C2-8F6F-14AE65D1EBA8}.Debug|Any CPU.ActiveCfg = Debug|Any CPU
		{534ED368-20A4-44C2-8F6F-14AE65D1EBA8}.Debug|Any CPU.Build.0 = Debug|Any CPU
		{534ED368-20A4-44C2-8F6F-14AE65D1EBA8}.Release|Any CPU.ActiveCfg = Release|Any CPU
		{534ED368-20A4-44C2-8F6F-14AE65D1EBA8}.Release|Any CPU.Build.0 = Release|Any CPU
	EndGlobalSection
	GlobalSection(SolutionProperties) = preSolution
		HideSolutionNode = FALSE
	EndGlobalSection
	GlobalSection(ExtensibilityGlobals) = postSolution
		SolutionGuid = {CA160494-381E-474D-B429-C653EBA12B91}
	EndGlobalSection
EndGlobal
